
Microsoft Visual Studio Solution File, Format Version 12.00
# Visual Studio Version 17
VisualStudioVersion = 17.1.32421.90
MinimumVisualStudioVersion = 10.0.40219.1
Project("{FAE04EC0-301F-11D3-BF4B-00C04F79EFBC}") = "Enumerções", "Enumerções\Enumerções.csproj", "{322A2523-8C11-43C0-81BD-4416A1EABED0}"
EndProject
Global
	GlobalSection(SolutionConfigurationPlatforms) = preSolution
		Debug|Any CPU = Debug|Any CPU
		Release|Any CPU = Release|Any CPU
	EndGlobalSection
	GlobalSection(ProjectConfigurationPlatforms) = postSolution
		{322A2523-8C11-43C0-81BD-4416A1EABED0}.Debug|Any CPU.ActiveCfg = Debug|Any CPU
		{322A2523-8C11-43C0-81BD-4416A1EABED0}.Debug|Any CPU.Build.0 = Debug|Any CPU
		{322A2523-8C11-43C0-81BD-4416A1EABED0}.Release|Any CPU.ActiveCfg = Release|Any CPU
		{322A2523-8C11-43C0-81BD-4416A1EABED0}.Release|Any CPU.Build.0 = Release|Any CPU
	EndGlobalSection
	GlobalSection(SolutionProperties) = preSolution
		HideSolutionNode = FALSE
	EndGlobalSection
	GlobalSection(ExtensibilityGlobals) = postSolution
		SolutionGuid = {43A94880-2944-4B04-A75C-C986C28BCED4}
	EndGlobalSection
EndGlobal
