
Microsoft Visual Studio Solution File, Format Version 12.00
# Visual Studio Version 17
VisualStudioVersion = 17.1.32421.90
MinimumVisualStudioVersion = 10.0.40219.1
Project("{FAE04EC0-301F-11D3-BF4B-00C04F79EFBC}") = "Composição", "Composição\Composição.csproj", "{B4F77BBC-4EB4-4F8D-ADC5-FFFFD6F6AF7F}"
EndProject
Global
	GlobalSection(SolutionConfigurationPlatforms) = preSolution
		Debug|Any CPU = Debug|Any CPU
		Release|Any CPU = Release|Any CPU
	EndGlobalSection
	GlobalSection(ProjectConfigurationPlatforms) = postSolution
		{B4F77BBC-4EB4-4F8D-ADC5-FFFFD6F6AF7F}.Debug|Any CPU.ActiveCfg = Debug|Any CPU
		{B4F77BBC-4EB4-4F8D-ADC5-FFFFD6F6AF7F}.Debug|Any CPU.Build.0 = Debug|Any CPU
		{B4F77BBC-4EB4-4F8D-ADC5-FFFFD6F6AF7F}.Release|Any CPU.ActiveCfg = Release|Any CPU
		{B4F77BBC-4EB4-4F8D-ADC5-FFFFD6F6AF7F}.Release|Any CPU.Build.0 = Release|Any CPU
	EndGlobalSection
	GlobalSection(SolutionProperties) = preSolution
		HideSolutionNode = FALSE
	EndGlobalSection
	GlobalSection(ExtensibilityGlobals) = postSolution
		SolutionGuid = {5895443E-0E14-4556-B3C1-8457A861E958}
	EndGlobalSection
EndGlobal
